
Microsoft Visual Studio Solution File, Format Version 12.00
Project("{FAE04EC0-301F-11D3-BF4B-00C04F79EFBC}") = "SwgeInspector", "SwgeInspector\SwgeInspector.csproj", "{00E290F3-D765-46D4-AEDF-DD4FE45BAF5C}"
EndProject
Project("{FAE04EC0-301F-11D3-BF4B-00C04F79EFBC}") = "Mtk33x9Gps", "Mtk33x9Gps\Mtk33x9Gps.csproj", "{6627546F-2CC9-4390-BDF4-4A98418B2BA9}"
EndProject
Project("{FAE04EC0-301F-11D3-BF4B-00C04F79EFBC}") = "NavXMxp", "NavXMxp\NavXMxp.csproj", "{CD64B60C-5ADE-4C22-A8F1-9085EC8883B0}"
EndProject
Project("{FAE04EC0-301F-11D3-BF4B-00C04F79EFBC}") = "BleBeacon", "BleBeacon\BleBeacon.csproj", "{A2391544-BBA4-44EF-9EDE-48B956061806}"
EndProject
Project("{FAE04EC0-301F-11D3-BF4B-00C04F79EFBC}") = "BleSniffer", "BleSniffer\BleSniffer.csproj", "{06318849-7546-4D6A-AE7D-72336D32D930}"
EndProject
Project("{FAE04EC0-301F-11D3-BF4B-00C04F79EFBC}") = "DotnetBleServer", "DotnetBleServer\DotnetBleServer.csproj", "{1E553D44-EFED-4EE6-8FBA-09CCE71F3548}"
EndProject
Global
	GlobalSection(SolutionConfigurationPlatforms) = preSolution
		Debug|Any CPU = Debug|Any CPU
		Release|Any CPU = Release|Any CPU
	EndGlobalSection
	GlobalSection(ProjectConfigurationPlatforms) = postSolution
		{00E290F3-D765-46D4-AEDF-DD4FE45BAF5C}.Debug|Any CPU.ActiveCfg = Debug|Any CPU
		{00E290F3-D765-46D4-AEDF-DD4FE45BAF5C}.Debug|Any CPU.Build.0 = Debug|Any CPU
		{00E290F3-D765-46D4-AEDF-DD4FE45BAF5C}.Release|Any CPU.ActiveCfg = Release|Any CPU
		{00E290F3-D765-46D4-AEDF-DD4FE45BAF5C}.Release|Any CPU.Build.0 = Release|Any CPU
		{6627546F-2CC9-4390-BDF4-4A98418B2BA9}.Debug|Any CPU.ActiveCfg = Debug|Any CPU
		{6627546F-2CC9-4390-BDF4-4A98418B2BA9}.Debug|Any CPU.Build.0 = Debug|Any CPU
		{6627546F-2CC9-4390-BDF4-4A98418B2BA9}.Release|Any CPU.ActiveCfg = Release|Any CPU
		{6627546F-2CC9-4390-BDF4-4A98418B2BA9}.Release|Any CPU.Build.0 = Release|Any CPU
		{CD64B60C-5ADE-4C22-A8F1-9085EC8883B0}.Debug|Any CPU.ActiveCfg = Debug|Any CPU
		{CD64B60C-5ADE-4C22-A8F1-9085EC8883B0}.Debug|Any CPU.Build.0 = Debug|Any CPU
		{CD64B60C-5ADE-4C22-A8F1-9085EC8883B0}.Release|Any CPU.ActiveCfg = Release|Any CPU
		{CD64B60C-5ADE-4C22-A8F1-9085EC8883B0}.Release|Any CPU.Build.0 = Release|Any CPU
		{A2391544-BBA4-44EF-9EDE-48B956061806}.Debug|Any CPU.ActiveCfg = Debug|Any CPU
		{A2391544-BBA4-44EF-9EDE-48B956061806}.Debug|Any CPU.Build.0 = Debug|Any CPU
		{A2391544-BBA4-44EF-9EDE-48B956061806}.Release|Any CPU.ActiveCfg = Release|Any CPU
		{A2391544-BBA4-44EF-9EDE-48B956061806}.Release|Any CPU.Build.0 = Release|Any CPU
		{06318849-7546-4D6A-AE7D-72336D32D930}.Debug|Any CPU.ActiveCfg = Debug|Any CPU
		{06318849-7546-4D6A-AE7D-72336D32D930}.Debug|Any CPU.Build.0 = Debug|Any CPU
		{06318849-7546-4D6A-AE7D-72336D32D930}.Release|Any CPU.ActiveCfg = Release|Any CPU
		{06318849-7546-4D6A-AE7D-72336D32D930}.Release|Any CPU.Build.0 = Release|Any CPU
		{1E553D44-EFED-4EE6-8FBA-09CCE71F3548}.Debug|Any CPU.ActiveCfg = Debug|Any CPU
		{1E553D44-EFED-4EE6-8FBA-09CCE71F3548}.Debug|Any CPU.Build.0 = Debug|Any CPU
		{1E553D44-EFED-4EE6-8FBA-09CCE71F3548}.Release|Any CPU.ActiveCfg = Release|Any CPU
		{1E553D44-EFED-4EE6-8FBA-09CCE71F3548}.Release|Any CPU.Build.0 = Release|Any CPU
	EndGlobalSection
EndGlobal
